{
  "name": "pdf-generator-lambda-function",
  "version": "1.0.0",
  "lockfileVersion": 1,
  "requires": true,
  "dependencies": {
    "app-root-path": {
      "version": "2.2.1",
      "resolved": "https://registry.npmjs.org/app-root-path/-/app-root-path-2.2.1.tgz",
      "integrity": "sha512-91IFKeKk7FjfmezPKkwtaRvSpnUc4gDwPAjA1YZ9Gn0q0PPeW+vbeUsZuyDwjI7+QTHhcLen2v25fi/AmhvbJA==",
      "dev": true
    },
    "dotenv": {
      "version": "5.0.1",
      "resolved": "https://registry.npmjs.org/dotenv/-/dotenv-5.0.1.tgz",
      "integrity": "sha512-4As8uPrjfwb7VXC+WnLCbXK7y+Ueb2B3zgNCePYfhxS1PYeaO1YTeplffTEcbfLhvFNGLAz90VvJs9yomG7bow==",
      "dev": true
    },
    "dotenv-json": {
      "version": "1.0.0",
      "resolved": "https://registry.npmjs.org/dotenv-json/-/dotenv-json-1.0.0.tgz",
      "integrity": "sha512-jAssr+6r4nKhKRudQ0HOzMskOFFi9+ubXWwmrSGJFgTvpjyPXCXsCsYbjif6mXp7uxA7xY3/LGaiTQukZzSbOQ==",
      "dev": true
    },
    "lambda-leak": {
      "version": "2.0.0",
      "resolved": "https://registry.npmjs.org/lambda-leak/-/lambda-leak-2.0.0.tgz",
      "integrity": "sha1-dxmF02KEh/boha+uK1RRDc+yzX4=",
      "dev": true
    },
    "lambda-tester": {
      "version": "3.5.0",
      "resolved": "https://registry.npmjs.org/lambda-tester/-/lambda-tester-3.5.0.tgz",
      "integrity": "sha512-QTz0JsIxjOKEyxryDtQD1+fT9KRYifdId53fq+hDwplAe71DB7UuZwNWqjJy1GQZfW57UrQVOWEDuFm4S808GQ==",
      "dev": true,
      "requires": {
        "app-root-path": "^2.1.0",
        "dotenv": "^5.0.0",
        "dotenv-json": "^1.0.0",
        "lambda-leak": "^2.0.0",
        "semver": "^5.5.0",
        "uuid": "^3.3.2",
        "vandium-utils": "^1.1.1"
      }
    },
    "semver": {
      "version": "5.7.0",
      "resolved": "https://registry.npmjs.org/semver/-/semver-5.7.0.tgz",
      "integrity": "sha512-Ya52jSX2u7QKghxeoFGpLwCtGlt7j0oY9DYb5apt9nPlJ42ID+ulTXESnt/qAQcoSERyZ5sl3LDIOw0nAn/5DA==",
      "dev": true
    },
    "uuid": {
      "version": "3.3.2",
      "resolved": "https://registry.npmjs.org/uuid/-/uuid-3.3.2.tgz",
      "integrity": "sha512-yXJmeNaw3DnnKAOKJE51sL/ZaYfWJRl1pK9dr19YFCu0ObS231AB1/LbqTKRAQ5kw8A90rA6fr4riOUpTZvQZA==",
      "dev": true
    },
    "vandium-utils": {
      "version": "1.2.0",
      "resolved": "https://registry.npmjs.org/vandium-utils/-/vandium-utils-1.2.0.tgz",
      "integrity": "sha1-RHNd5LdkGgXeWevpRfF05YLbT1k=",
      "dev": true
    }
  }
}
